
Microsoft Visual Studio Solution File, Format Version 12.00
# Visual Studio 2013
VisualStudioVersion = 12.0.21005.1
MinimumVisualStudioVersion = 10.0.40219.1
Project("{FAE04EC0-301F-11D3-BF4B-00C04F79EFBC}") = "Forritunarkeppni2014fyrirhadegi-3", "Forritunarkeppni2014fyrirhadegi-3\Forritunarkeppni2014fyrirhadegi-3.csproj", "{1BE3A50B-F925-457D-936A-7AFC29B7B2EC}"
EndProject
Global
	GlobalSection(SolutionConfigurationPlatforms) = preSolution
		Debug|Any CPU = Debug|Any CPU
		Release|Any CPU = Release|Any CPU
	EndGlobalSection
	GlobalSection(ProjectConfigurationPlatforms) = postSolution
		{1BE3A50B-F925-457D-936A-7AFC29B7B2EC}.Debug|Any CPU.ActiveCfg = Debug|Any CPU
		{1BE3A50B-F925-457D-936A-7AFC29B7B2EC}.Debug|Any CPU.Build.0 = Debug|Any CPU
		{1BE3A50B-F925-457D-936A-7AFC29B7B2EC}.Release|Any CPU.ActiveCfg = Release|Any CPU
		{1BE3A50B-F925-457D-936A-7AFC29B7B2EC}.Release|Any CPU.Build.0 = Release|Any CPU
	EndGlobalSection
	GlobalSection(SolutionProperties) = preSolution
		HideSolutionNode = FALSE
	EndGlobalSection
EndGlobal
